// !$*UTF8*$!
{
	archiveVersion = 1;
	classes = {
	};
	objectVersion = 56;
	objects = {

/* Begin PBXBuildFile section */
		5804255F2AAFA288001966D9 /* MerchantTableViewCell.swift in Sources */ = {isa = PBXBuildFile; fileRef = 5804255D2AAFA288001966D9 /* MerchantTableViewCell.swift */; };
		580425602AAFA288001966D9 /* MerchantTableViewCell.xib in Resources */ = {isa = PBXBuildFile; fileRef = 5804255E2AAFA288001966D9 /* MerchantTableViewCell.xib */; };
		589990012AADFEB300565F29 /* AppDelegate.swift in Sources */ = {isa = PBXBuildFile; fileRef = 589990002AADFEB300565F29 /* AppDelegate.swift */; };
		589990032AADFEB300565F29 /* SceneDelegate.swift in Sources */ = {isa = PBXBuildFile; fileRef = 589990022AADFEB300565F29 /* SceneDelegate.swift */; };
		589990052AADFEB300565F29 /* ExplorerViewController.swift in Sources */ = {isa = PBXBuildFile; fileRef = 589990042AADFEB300565F29 /* ExplorerViewController.swift */; };
		589990082AADFEB300565F29 /* Main.storyboard in Resources */ = {isa = PBXBuildFile; fileRef = 589990062AADFEB300565F29 /* Main.storyboard */; };
		5899900B2AADFEB300565F29 /* NetClan.xcdatamodeld in Sources */ = {isa = PBXBuildFile; fileRef = 589990092AADFEB300565F29 /* NetClan.xcdatamodeld */; };
		5899900D2AADFEB400565F29 /* Assets.xcassets in Resources */ = {isa = PBXBuildFile; fileRef = 5899900C2AADFEB400565F29 /* Assets.xcassets */; };
		589990102AADFEB400565F29 /* LaunchScreen.storyboard in Resources */ = {isa = PBXBuildFile; fileRef = 5899900E2AADFEB400565F29 /* LaunchScreen.storyboard */; };
		5899901B2AADFEB400565F29 /* NetClanTests.swift in Sources */ = {isa = PBXBuildFile; fileRef = 5899901A2AADFEB400565F29 /* NetClanTests.swift */; };
		589990252AADFEB400565F29 /* NetClanUITests.swift in Sources */ = {isa = PBXBuildFile; fileRef = 589990242AADFEB400565F29 /* NetClanUITests.swift */; };
		589990272AADFEB400565F29 /* NetClanUITestsLaunchTests.swift in Sources */ = {isa = PBXBuildFile; fileRef = 589990262AADFEB400565F29 /* NetClanUITestsLaunchTests.swift */; };
		5899903F2AAE1D5500565F29 /* ShowUserTableViewCell.swift in Sources */ = {isa = PBXBuildFile; fileRef = 5899903D2AAE1D5500565F29 /* ShowUserTableViewCell.swift */; };
		589990402AAE1D5500565F29 /* ShowUserTableViewCell.xib in Resources */ = {isa = PBXBuildFile; fileRef = 5899903E2AAE1D5500565F29 /* ShowUserTableViewCell.xib */; };
		589990432AAE36F700565F29 /* CustomSettingForXcode.swift in Sources */ = {isa = PBXBuildFile; fileRef = 589990422AAE36F700565F29 /* CustomSettingForXcode.swift */; };
		589990452AAE4E7900565F29 /* UserDetailData.swift in Sources */ = {isa = PBXBuildFile; fileRef = 589990442AAE4E7800565F29 /* UserDetailData.swift */; };
		5899904D2AAE744F00565F29 /* RefineViewController.swift in Sources */ = {isa = PBXBuildFile; fileRef = 5899904C2AAE744E00565F29 /* RefineViewController.swift */; };
		58BC58F32AAF78BF00B32741 /* TableViewCell.swift in Sources */ = {isa = PBXBuildFile; fileRef = 58BC58F12AAF78BF00B32741 /* TableViewCell.swift */; };
		58BC58F42AAF78BF00B32741 /* TableViewCell.xib in Resources */ = {isa = PBXBuildFile; fileRef = 58BC58F22AAF78BF00B32741 /* TableViewCell.xib */; };
/* End PBXBuildFile section */

/* Begin PBXContainerItemProxy section */
		589990172AADFEB400565F29 /* PBXContainerItemProxy */ = {
			isa = PBXContainerItemProxy;
			containerPortal = 58998FF52AADFEB300565F29 /* Project object */;
			proxyType = 1;
			remoteGlobalIDString = 58998FFC2AADFEB300565F29;
			remoteInfo = NetClan;
		};
		589990212AADFEB400565F29 /* PBXContainerItemProxy */ = {
			isa = PBXContainerItemProxy;
			containerPortal = 58998FF52AADFEB300565F29 /* Project object */;
			proxyType = 1;
			remoteGlobalIDString = 58998FFC2AADFEB300565F29;
			remoteInfo = NetClan;
		};
/* End PBXContainerItemProxy section */

/* Begin PBXFileReference section */
		5804255D2AAFA288001966D9 /* MerchantTableViewCell.swift */ = {isa = PBXFileReference; lastKnownFileType = sourcecode.swift; path = MerchantTableViewCell.swift; sourceTree = "<group>"; };
		5804255E2AAFA288001966D9 /* MerchantTableViewCell.xib */ = {isa = PBXFileReference; lastKnownFileType = file.xib; path = MerchantTableViewCell.xib; sourceTree = "<group>"; };
		58998FFD2AADFEB300565F29 /* NetClan.app */ = {isa = PBXFileReference; explicitFileType = wrapper.application; includeInIndex = 0; path = NetClan.app; sourceTree = BUILT_PRODUCTS_DIR; };
		589990002AADFEB300565F29 /* AppDelegate.swift */ = {isa = PBXFileReference; lastKnownFileType = sourcecode.swift; path = AppDelegate.swift; sourceTree = "<group>"; };
		589990022AADFEB300565F29 /* SceneDelegate.swift */ = {isa = PBXFileReference; lastKnownFileType = sourcecode.swift; path = SceneDelegate.swift; sourceTree = "<group>"; };
		589990042AADFEB300565F29 /* ExplorerViewController.swift */ = {isa = PBXFileReference; lastKnownFileType = sourcecode.swift; path = ExplorerViewController.swift; sourceTree = "<group>"; };
		589990072AADFEB300565F29 /* Base */ = {isa = PBXFileReference; lastKnownFileType = file.storyboard; name = Base; path = Base.lproj/Main.storyboard; sourceTree = "<group>"; };
		5899900A2AADFEB300565F29 /* NetClan.xcdatamodel */ = {isa = PBXFileReference; lastKnownFileType = wrapper.xcdatamodel; path = NetClan.xcdatamodel; sourceTree = "<group>"; };
		5899900C2AADFEB400565F29 /* Assets.xcassets */ = {isa = PBXFileReference; lastKnownFileType = folder.assetcatalog; path = Assets.xcassets; sourceTree = "<group>"; };
		5899900F2AADFEB400565F29 /* Base */ = {isa = PBXFileReference; lastKnownFileType = file.storyboard; name = Base; path = Base.lproj/LaunchScreen.storyboard; sourceTree = "<group>"; };
		589990112AADFEB400565F29 /* Info.plist */ = {isa = PBXFileReference; lastKnownFileType = text.plist.xml; path = Info.plist; sourceTree = "<group>"; };
		589990162AADFEB400565F29 /* NetClanTests.xctest */ = {isa = PBXFileReference; explicitFileType = wrapper.cfbundle; includeInIndex = 0; path = NetClanTests.xctest; sourceTree = BUILT_PRODUCTS_DIR; };
		5899901A2AADFEB400565F29 /* NetClanTests.swift */ = {isa = PBXFileReference; lastKnownFileType = sourcecode.swift; path = NetClanTests.swift; sourceTree = "<group>"; };
		589990202AADFEB400565F29 /* NetClanUITests.xctest */ = {isa = PBXFileReference; explicitFileType = wrapper.cfbundle; includeInIndex = 0; path = NetClanUITests.xctest; sourceTree = BUILT_PRODUCTS_DIR; };
		589990242AADFEB400565F29 /* NetClanUITests.swift */ = {isa = PBXFileReference; lastKnownFileType = sourcecode.swift; path = NetClanUITests.swift; sourceTree = "<group>"; };
		589990262AADFEB400565F29 /* NetClanUITestsLaunchTests.swift */ = {isa = PBXFileReference; lastKnownFileType = sourcecode.swift; path = NetClanUITestsLaunchTests.swift; sourceTree = "<group>"; };
		5899903D2AAE1D5500565F29 /* ShowUserTableViewCell.swift */ = {isa = PBXFileReference; lastKnownFileType = sourcecode.swift; path = ShowUserTableViewCell.swift; sourceTree = "<group>"; };
		5899903E2AAE1D5500565F29 /* ShowUserTableViewCell.xib */ = {isa = PBXFileReference; lastKnownFileType = file.xib; path = ShowUserTableViewCell.xib; sourceTree = "<group>"; };
		589990422AAE36F700565F29 /* CustomSettingForXcode.swift */ = {isa = PBXFileReference; lastKnownFileType = sourcecode.swift; path = CustomSettingForXcode.swift; sourceTree = "<group>"; };
		589990442AAE4E7800565F29 /* UserDetailData.swift */ = {isa = PBXFileReference; lastKnownFileType = sourcecode.swift; path = UserDetailData.swift; sourceTree = "<group>"; };
		5899904C2AAE744E00565F29 /* RefineViewController.swift */ = {isa = PBXFileReference; lastKnownFileType = sourcecode.swift; path = RefineViewController.swift; sourceTree = "<group>"; };
		58BC58F12AAF78BF00B32741 /* TableViewCell.swift */ = {isa = PBXFileReference; lastKnownFileType = sourcecode.swift; path = TableViewCell.swift; sourceTree = "<group>"; };
		58BC58F22AAF78BF00B32741 /* TableViewCell.xib */ = {isa = PBXFileReference; lastKnownFileType = file.xib; path = TableViewCell.xib; sourceTree = "<group>"; };
/* End PBXFileReference section */

/* Begin PBXFrameworksBuildPhase section */
		58998FFA2AADFEB300565F29 /* Frameworks */ = {
			isa = PBXFrameworksBuildPhase;
			buildActionMask = 2147483647;
			files = (
			);
			runOnlyForDeploymentPostprocessing = 0;
		};
		589990132AADFEB400565F29 /* Frameworks */ = {
			isa = PBXFrameworksBuildPhase;
			buildActionMask = 2147483647;
			files = (
			);
			runOnlyForDeploymentPostprocessing = 0;
		};
		5899901D2AADFEB400565F29 /* Frameworks */ = {
			isa = PBXFrameworksBuildPhase;
			buildActionMask = 2147483647;
			files = (
			);
			runOnlyForDeploymentPostprocessing = 0;
		};
/* End PBXFrameworksBuildPhase section */

/* Begin PBXGroup section */
		58998FF42AADFEB300565F29 = {
			isa = PBXGroup;
			children = (
				58998FFF2AADFEB300565F29 /* NetClan */,
				589990192AADFEB400565F29 /* NetClanTests */,
				589990232AADFEB400565F29 /* NetClanUITests */,
				58998FFE2AADFEB300565F29 /* Products */,
			);
			sourceTree = "<group>";
		};
		58998FFE2AADFEB300565F29 /* Products */ = {
			isa = PBXGroup;
			children = (
				58998FFD2AADFEB300565F29 /* NetClan.app */,
				589990162AADFEB400565F29 /* NetClanTests.xctest */,
				589990202AADFEB400565F29 /* NetClanUITests.xctest */,
			);
			name = Products;
			sourceTree = "<group>";
		};
		58998FFF2AADFEB300565F29 /* NetClan */ = {
			isa = PBXGroup;
			children = (
				5899903A2AAE1B2A00565F29 /* Application */,
				589990412AAE2CAD00565F29 /* Resources */,
				589990332AAE039900565F29 /* Model */,
				589990342AAE03C600565F29 /* View */,
				589990352AAE03DA00565F29 /* Controller */,
				589990092AADFEB300565F29 /* NetClan.xcdatamodeld */,
				589990112AADFEB400565F29 /* Info.plist */,
			);
			path = NetClan;
			sourceTree = "<group>";
		};
		589990192AADFEB400565F29 /* NetClanTests */ = {
			isa = PBXGroup;
			children = (
				5899901A2AADFEB400565F29 /* NetClanTests.swift */,
			);
			path = NetClanTests;
			sourceTree = "<group>";
		};
		589990232AADFEB400565F29 /* NetClanUITests */ = {
			isa = PBXGroup;
			children = (
				589990242AADFEB400565F29 /* NetClanUITests.swift */,
				589990262AADFEB400565F29 /* NetClanUITestsLaunchTests.swift */,
			);
			path = NetClanUITests;
			sourceTree = "<group>";
		};
		589990332AAE039900565F29 /* Model */ = {
			isa = PBXGroup;
			children = (
				589990422AAE36F700565F29 /* CustomSettingForXcode.swift */,
				589990442AAE4E7800565F29 /* UserDetailData.swift */,
			);
			path = Model;
			sourceTree = "<group>";
		};
		589990342AAE03C600565F29 /* View */ = {
			isa = PBXGroup;
			children = (
				5899903B2AAE1B6C00565F29 /* Storyboard */,
				5899903C2AAE1B8E00565F29 /* Cell */,
			);
			path = View;
			sourceTree = "<group>";
		};
		589990352AAE03DA00565F29 /* Controller */ = {
			isa = PBXGroup;
			children = (
				C0F721F82AAF0B62008A55D0 /* ViewController */,
				C0F721F92AAF0B69008A55D0 /* CellController */,
			);
			path = Controller;
			sourceTree = "<group>";
		};
		5899903A2AAE1B2A00565F29 /* Application */ = {
			isa = PBXGroup;
			children = (
				589990002AADFEB300565F29 /* AppDelegate.swift */,
				589990022AADFEB300565F29 /* SceneDelegate.swift */,
			);
			path = Application;
			sourceTree = "<group>";
		};
		5899903B2AAE1B6C00565F29 /* Storyboard */ = {
			isa = PBXGroup;
			children = (
				589990062AADFEB300565F29 /* Main.storyboard */,
				5899900E2AADFEB400565F29 /* LaunchScreen.storyboard */,
			);
			path = Storyboard;
			sourceTree = "<group>";
		};
		5899903C2AAE1B8E00565F29 /* Cell */ = {
			isa = PBXGroup;
			children = (
				5899903E2AAE1D5500565F29 /* ShowUserTableViewCell.xib */,
				58BC58F22AAF78BF00B32741 /* TableViewCell.xib */,
				5804255E2AAFA288001966D9 /* MerchantTableViewCell.xib */,
			);
			path = Cell;
			sourceTree = "<group>";
		};
		589990412AAE2CAD00565F29 /* Resources */ = {
			isa = PBXGroup;
			children = (
				5899900C2AADFEB400565F29 /* Assets.xcassets */,
			);
			path = Resources;
			sourceTree = "<group>";
		};
		C0F721F82AAF0B62008A55D0 /* ViewController */ = {
			isa = PBXGroup;
			children = (
				5899904C2AAE744E00565F29 /* RefineViewController.swift */,
				589990042AADFEB300565F29 /* ExplorerViewController.swift */,
			);
			path = ViewController;
			sourceTree = "<group>";
		};
		C0F721F92AAF0B69008A55D0 /* CellController */ = {
			isa = PBXGroup;
			children = (
				5899903D2AAE1D5500565F29 /* ShowUserTableViewCell.swift */,
				58BC58F12AAF78BF00B32741 /* TableViewCell.swift */,
				5804255D2AAFA288001966D9 /* MerchantTableViewCell.swift */,
			);
			path = CellController;
			sourceTree = "<group>";
		};
/* End PBXGroup section */

/* Begin PBXNativeTarget section */
		58998FFC2AADFEB300565F29 /* NetClan */ = {
			isa = PBXNativeTarget;
			buildConfigurationList = 5899902A2AADFEB400565F29 /* Build configuration list for PBXNativeTarget "NetClan" */;
			buildPhases = (
				58998FF92AADFEB300565F29 /* Sources */,
				58998FFA2AADFEB300565F29 /* Frameworks */,
				58998FFB2AADFEB300565F29 /* Resources */,
			);
			buildRules = (
			);
			dependencies = (
			);
			name = NetClan;
			productName = NetClan;
			productReference = 58998FFD2AADFEB300565F29 /* NetClan.app */;
			productType = "com.apple.product-type.application";
		};
		589990152AADFEB400565F29 /* NetClanTests */ = {
			isa = PBXNativeTarget;
			buildConfigurationList = 5899902D2AADFEB400565F29 /* Build configuration list for PBXNativeTarget "NetClanTests" */;
			buildPhases = (
				589990122AADFEB400565F29 /* Sources */,
				589990132AADFEB400565F29 /* Frameworks */,
				589990142AADFEB400565F29 /* Resources */,
			);
			buildRules = (
			);
			dependencies = (
				589990182AADFEB400565F29 /* PBXTargetDependency */,
			);
			name = NetClanTests;
			productName = NetClanTests;
			productReference = 589990162AADFEB400565F29 /* NetClanTests.xctest */;
			productType = "com.apple.product-type.bundle.unit-test";
		};
		5899901F2AADFEB400565F29 /* NetClanUITests */ = {
			isa = PBXNativeTarget;
			buildConfigurationList = 589990302AADFEB400565F29 /* Build configuration list for PBXNativeTarget "NetClanUITests" */;
			buildPhases = (
				5899901C2AADFEB400565F29 /* Sources */,
				5899901D2AADFEB400565F29 /* Frameworks */,
				5899901E2AADFEB400565F29 /* Resources */,
			);
			buildRules = (
			);
			dependencies = (
				589990222AADFEB400565F29 /* PBXTargetDependency */,
			);
			name = NetClanUITests;
			productName = NetClanUITests;
			productReference = 589990202AADFEB400565F29 /* NetClanUITests.xctest */;
			productType = "com.apple.product-type.bundle.ui-testing";
		};
/* End PBXNativeTarget section */

/* Begin PBXProject section */
		58998FF52AADFEB300565F29 /* Project object */ = {
			isa = PBXProject;
			attributes = {
				BuildIndependentTargetsInParallel = 1;
				LastSwiftUpdateCheck = 1430;
				LastUpgradeCheck = 1430;
				TargetAttributes = {
					58998FFC2AADFEB300565F29 = {
						CreatedOnToolsVersion = 14.3.1;
					};
					589990152AADFEB400565F29 = {
						CreatedOnToolsVersion = 14.3.1;
						TestTargetID = 58998FFC2AADFEB300565F29;
					};
					5899901F2AADFEB400565F29 = {
						CreatedOnToolsVersion = 14.3.1;
						TestTargetID = 58998FFC2AADFEB300565F29;
					};
				};
			};
			buildConfigurationList = 58998FF82AADFEB300565F29 /* Build configuration list for PBXProject "NetClan" */;
			compatibilityVersion = "Xcode 14.0";
			developmentRegion = en;
			hasScannedForEncodings = 0;
			knownRegions = (
				en,
				Base,
			);
			mainGroup = 58998FF42AADFEB300565F29;
			productRefGroup = 58998FFE2AADFEB300565F29 /* Products */;
			projectDirPath = "";
			projectRoot = "";
			targets = (
				58998FFC2AADFEB300565F29 /* NetClan */,
				589990152AADFEB400565F29 /* NetClanTests */,
				5899901F2AADFEB400565F29 /* NetClanUITests */,
			);
		};
/* End PBXProject section */

/* Begin PBXResourcesBuildPhase section */
		58998FFB2AADFEB300565F29 /* Resources */ = {
			isa = PBXResourcesBuildPhase;
			buildActionMask = 2147483647;
			files = (
				589990102AADFEB400565F29 /* LaunchScreen.storyboard in Resources */,
				58BC58F42AAF78BF00B32741 /* TableViewCell.xib in Resources */,
				589990402AAE1D5500565F29 /* ShowUserTableViewCell.xib in Resources */,
				580425602AAFA288001966D9 /* MerchantTableViewCell.xib in Resources */,
				5899900D2AADFEB400565F29 /* Assets.xcassets in Resources */,
				589990082AADFEB300565F29 /* Main.storyboard in Resources */,
			);
			runOnlyForDeploymentPostprocessing = 0;
		};
		589990142AADFEB400565F29 /* Resources */ = {
			isa = PBXResourcesBuildPhase;
			buildActionMask = 2147483647;
			files = (
			);
			runOnlyForDeploymentPostprocessing = 0;
		};
		5899901E2AADFEB400565F29 /* Resources */ = {
			isa = PBXResourcesBuildPhase;
			buildActionMask = 2147483647;
			files = (
			);
			runOnlyForDeploymentPostprocessing = 0;
		};
/* End PBXResourcesBuildPhase section */

/* Begin PBXSourcesBuildPhase section */
		58998FF92AADFEB300565F29 /* Sources */ = {
			isa = PBXSourcesBuildPhase;
			buildActionMask = 2147483647;
			files = (
				589990052AADFEB300565F29 /* ExplorerViewController.swift in Sources */,
				5899903F2AAE1D5500565F29 /* ShowUserTableViewCell.swift in Sources */,
				5899900B2AADFEB300565F29 /* NetClan.xcdatamodeld in Sources */,
				58BC58F32AAF78BF00B32741 /* TableViewCell.swift in Sources */,
				589990012AADFEB300565F29 /* AppDelegate.swift in Sources */,
				589990452AAE4E7900565F29 /* UserDetailData.swift in Sources */,
				589990032AADFEB300565F29 /* SceneDelegate.swift in Sources */,
				5804255F2AAFA288001966D9 /* MerchantTableViewCell.swift in Sources */,
				589990432AAE36F700565F29 /* CustomSettingForXcode.swift in Sources */,
				5899904D2AAE744F00565F29 /* RefineViewController.swift in Sources */,
			);
			runOnlyForDeploymentPostprocessing = 0;
		};
		589990122AADFEB400565F29 /* Sources */ = {
			isa = PBXSourcesBuildPhase;
			buildActionMask = 2147483647;
			files = (
				5899901B2AADFEB400565F29 /* NetClanTests.swift in Sources */,
			);
			runOnlyForDeploymentPostprocessing = 0;
		};
		5899901C2AADFEB400565F29 /* Sources */ = {
			isa = PBXSourcesBuildPhase;
			buildActionMask = 2147483647;
			files = (
				589990272AADFEB400565F29 /* NetClanUITestsLaunchTests.swift in Sources */,
				589990252AADFEB400565F29 /* NetClanUITests.swift in Sources */,
			);
			runOnlyForDeploymentPostprocessing = 0;
		};
/* End PBXSourcesBuildPhase section */

/* Begin PBXTargetDependency section */
		589990182AADFEB400565F29 /* PBXTargetDependency */ = {
			isa = PBXTargetDependency;
			target = 58998FFC2AADFEB300565F29 /* NetClan */;
			targetProxy = 589990172AADFEB400565F29 /* PBXContainerItemProxy */;
		};
		589990222AADFEB400565F29 /* PBXTargetDependency */ = {
			isa = PBXTargetDependency;
			target = 58998FFC2AADFEB300565F29 /* NetClan */;
			targetProxy = 589990212AADFEB400565F29 /* PBXContainerItemProxy */;
		};
/* End PBXTargetDependency section */

/* Begin PBXVariantGroup section */
		589990062AADFEB300565F29 /* Main.storyboard */ = {
			isa = PBXVariantGroup;
			children = (
				589990072AADFEB300565F29 /* Base */,
			);
			name = Main.storyboard;
			sourceTree = "<group>";
		};
		5899900E2AADFEB400565F29 /* LaunchScreen.storyboard */ = {
			isa = PBXVariantGroup;
			children = (
				5899900F2AADFEB400565F29 /* Base */,
			);
			name = LaunchScreen.storyboard;
			sourceTree = "<group>";
		};
/* End PBXVariantGroup section */

/* Begin XCBuildConfiguration section */
		589990282AADFEB400565F29 /* Debug */ = {
			isa = XCBuildConfiguration;
			buildSettings = {
				ALWAYS_SEARCH_USER_PATHS = NO;
				CLANG_ANALYZER_NONNULL = YES;
				CLANG_ANALYZER_NUMBER_OBJECT_CONVERSION = YES_AGGRESSIVE;
				CLANG_CXX_LANGUAGE_STANDARD = "gnu++20";
				CLANG_ENABLE_MODULES = YES;
				CLANG_ENABLE_OBJC_ARC = YES;
				CLANG_ENABLE_OBJC_WEAK = YES;
				CLANG_WARN_BLOCK_CAPTURE_AUTORELEASING = YES;
				CLANG_WARN_BOOL_CONVERSION = YES;
				CLANG_WARN_COMMA = YES;
				CLANG_WARN_CONSTANT_CONVERSION = YES;
				CLANG_WARN_DEPRECATED_OBJC_IMPLEMENTATIONS = YES;
				CLANG_WARN_DIRECT_OBJC_ISA_USAGE = YES_ERROR;
				CLANG_WARN_DOCUMENTATION_COMMENTS = YES;
				CLANG_WARN_EMPTY_BODY = YES;
				CLANG_WARN_ENUM_CONVERSION = YES;
				CLANG_WARN_INFINITE_RECURSION = YES;
				CLANG_WARN_INT_CONVERSION = YES;
				CLANG_WARN_NON_LITERAL_NULL_CONVERSION = YES;
				CLANG_WARN_OBJC_IMPLICIT_RETAIN_SELF = YES;
				CLANG_WARN_OBJC_LITERAL_CONVERSION = YES;
				CLANG_WARN_OBJC_ROOT_CLASS = YES_ERROR;
				CLANG_WARN_QUOTED_INCLUDE_IN_FRAMEWORK_HEADER = YES;
				CLANG_WARN_RANGE_LOOP_ANALYSIS = YES;
				CLANG_WARN_STRICT_PROTOTYPES = YES;
				CLANG_WARN_SUSPICIOUS_MOVE = YES;
				CLANG_WARN_UNGUARDED_AVAILABILITY = YES_AGGRESSIVE;
				CLANG_WARN_UNREACHABLE_CODE = YES;
				CLANG_WARN__DUPLICATE_METHOD_MATCH = YES;
				COPY_PHASE_STRIP = NO;
				DEBUG_INFORMATION_FORMAT = dwarf;
				ENABLE_STRICT_OBJC_MSGSEND = YES;
				ENABLE_TESTABILITY = YES;
				GCC_C_LANGUAGE_STANDARD = gnu11;
				GCC_DYNAMIC_NO_PIC = NO;
				GCC_NO_COMMON_BLOCKS = YES;
				GCC_OPTIMIZATION_LEVEL = 0;
				GCC_PREPROCESSOR_DEFINITIONS = (
					"DEBUG=1",
					"$(inherited)",
				);
				GCC_WARN_64_TO_32_BIT_CONVERSION = YES;
				GCC_WARN_ABOUT_RETURN_TYPE = YES_ERROR;
				GCC_WARN_UNDECLARED_SELECTOR = YES;
				GCC_WARN_UNINITIALIZED_AUTOS = YES_AGGRESSIVE;
				GCC_WARN_UNUSED_FUNCTION = YES;
				GCC_WARN_UNUSED_VARIABLE = YES;
				IPHONEOS_DEPLOYMENT_TARGET = 16.4;
				MTL_ENABLE_DEBUG_INFO = INCLUDE_SOURCE;
				MTL_FAST_MATH = YES;
				ONLY_ACTIVE_ARCH = YES;
				SDKROOT = iphoneos;
				SWIFT_ACTIVE_COMPILATION_CONDITIONS = DEBUG;
				SWIFT_OPTIMIZATION_LEVEL = "-Onone";
			};
			name = Debug;
		};
		589990292AADFEB400565F29 /* Release */ = {
			isa = XCBuildConfiguration;
			buildSettings = {
				ALWAYS_SEARCH_USER_PATHS = NO;
				CLANG_ANALYZER_NONNULL = YES;
				CLANG_ANALYZER_NUMBER_OBJECT_CONVERSION = YES_AGGRESSIVE;
				CLANG_CXX_LANGUAGE_STANDARD = "gnu++20";
				CLANG_ENABLE_MODULES = YES;
				CLANG_ENABLE_OBJC_ARC = YES;
				CLANG_ENABLE_OBJC_WEAK = YES;
				CLANG_WARN_BLOCK_CAPTURE_AUTORELEASING = YES;
				CLANG_WARN_BOOL_CONVERSION = YES;
				CLANG_WARN_COMMA = YES;
				CLANG_WARN_CONSTANT_CONVERSION = YES;
				CLANG_WARN_DEPRECATED_OBJC_IMPLEMENTATIONS = YES;
				CLANG_WARN_DIRECT_OBJC_ISA_USAGE = YES_ERROR;
				CLANG_WARN_DOCUMENTATION_COMMENTS = YES;
				CLANG_WARN_EMPTY_BODY = YES;
				CLANG_WARN_ENUM_CONVERSION = YES;
				CLANG_WARN_INFINITE_RECURSION = YES;
				CLANG_WARN_INT_CONVERSION = YES;
				CLANG_WARN_NON_LITERAL_NULL_CONVERSION = YES;
				CLANG_WARN_OBJC_IMPLICIT_RETAIN_SELF = YES;
				CLANG_WARN_OBJC_LITERAL_CONVERSION = YES;
				CLANG_WARN_OBJC_ROOT_CLASS = YES_ERROR;
				CLANG_WARN_QUOTED_INCLUDE_IN_FRAMEWORK_HEADER = YES;
				CLANG_WARN_RANGE_LOOP_ANALYSIS = YES;
				CLANG_WARN_STRICT_PROTOTYPES = YES;
				CLANG_WARN_SUSPICIOUS_MOVE = YES;
				CLANG_WARN_UNGUARDED_AVAILABILITY = YES_AGGRESSIVE;
				CLANG_WARN_UNREACHABLE_CODE = YES;
				CLANG_WARN__DUPLICATE_METHOD_MATCH = YES;
				COPY_PHASE_STRIP = NO;
				DEBUG_INFORMATION_FORMAT = "dwarf-with-dsym";
				ENABLE_NS_ASSERTIONS = NO;
				ENABLE_STRICT_OBJC_MSGSEND = YES;
				GCC_C_LANGUAGE_STANDARD = gnu11;
				GCC_NO_COMMON_BLOCKS = YES;
				GCC_WARN_64_TO_32_BIT_CONVERSION = YES;
				GCC_WARN_ABOUT_RETURN_TYPE = YES_ERROR;
				GCC_WARN_UNDECLARED_SELECTOR = YES;
				GCC_WARN_UNINITIALIZED_AUTOS = YES_AGGRESSIVE;
				GCC_WARN_UNUSED_FUNCTION = YES;
				GCC_WARN_UNUSED_VARIABLE = YES;
				IPHONEOS_DEPLOYMENT_TARGET = 16.4;
				MTL_ENABLE_DEBUG_INFO = NO;
				MTL_FAST_MATH = YES;
				SDKROOT = iphoneos;
				SWIFT_COMPILATION_MODE = wholemodule;
				SWIFT_OPTIMIZATION_LEVEL = "-O";
				VALIDATE_PRODUCT = YES;
			};
			name = Release;
		};
		5899902B2AADFEB400565F29 /* Debug */ = {
			isa = XCBuildConfiguration;
			buildSettings = {
				ASSETCATALOG_COMPILER_APPICON_NAME = AppIcon;
				ASSETCATALOG_COMPILER_GLOBAL_ACCENT_COLOR_NAME = AccentColor;
				CODE_SIGN_STYLE = Automatic;
				CURRENT_PROJECT_VERSION = 1;
				GENERATE_INFOPLIST_FILE = YES;
				INFOPLIST_FILE = NetClan/Info.plist;
				INFOPLIST_KEY_UIApplicationSupportsIndirectInputEvents = YES;
				INFOPLIST_KEY_UILaunchStoryboardName = LaunchScreen;
				INFOPLIST_KEY_UIMainStoryboardFile = Main;
				INFOPLIST_KEY_UISupportedInterfaceOrientations_iPad = "UIInterfaceOrientationPortrait UIInterfaceOrientationPortraitUpsideDown UIInterfaceOrientationLandscapeLeft UIInterfaceOrientationLandscapeRight";
				INFOPLIST_KEY_UISupportedInterfaceOrientations_iPhone = "UIInterfaceOrientationPortrait UIInterfaceOrientationLandscapeLeft UIInterfaceOrientationLandscapeRight";
				LD_RUNPATH_SEARCH_PATHS = (
					"$(inherited)",
					"@executable_path/Frameworks",
				);
				MARKETING_VERSION = 1.0;
				PRODUCT_BUNDLE_IDENTIFIER = Harapriya.NetClan;
				PRODUCT_NAME = "$(TARGET_NAME)";
				SWIFT_EMIT_LOC_STRINGS = YES;
				SWIFT_VERSION = 5.0;
				TARGETED_DEVICE_FAMILY = "1,2";
			};
			name = Debug;
		};
		5899902C2AADFEB400565F29 /* Release */ = {
			isa = XCBuildConfiguration;
			buildSettings = {
				ASSETCATALOG_COMPILER_APPICON_NAME = AppIcon;
				ASSETCATALOG_COMPILER_GLOBAL_ACCENT_COLOR_NAME = AccentColor;
				CODE_SIGN_STYLE = Automatic;
				CURRENT_PROJECT_VERSION = 1;
				GENERATE_INFOPLIST_FILE = YES;
				INFOPLIST_FILE = NetClan/Info.plist;
				INFOPLIST_KEY_UIApplicationSupportsIndirectInputEvents = YES;
				INFOPLIST_KEY_UILaunchStoryboardName = LaunchScreen;
				INFOPLIST_KEY_UIMainStoryboardFile = Main;
				INFOPLIST_KEY_UISupportedInterfaceOrientations_iPad = "UIInterfaceOrientationPortrait UIInterfaceOrientationPortraitUpsideDown UIInterfaceOrientationLandscapeLeft UIInterfaceOrientationLandscapeRight";
				INFOPLIST_KEY_UISupportedInterfaceOrientations_iPhone = "UIInterfaceOrientationPortrait UIInterfaceOrientationLandscapeLeft UIInterfaceOrientationLandscapeRight";
				LD_RUNPATH_SEARCH_PATHS = (
					"$(inherited)",
					"@executable_path/Frameworks",
				);
				MARKETING_VERSION = 1.0;
				PRODUCT_BUNDLE_IDENTIFIER = Harapriya.NetClan;
				PRODUCT_NAME = "$(TARGET_NAME)";
				SWIFT_EMIT_LOC_STRINGS = YES;
				SWIFT_VERSION = 5.0;
				TARGETED_DEVICE_FAMILY = "1,2";
			};
			name = Release;
		};
		5899902E2AADFEB400565F29 /* Debug */ = {
			isa = XCBuildConfiguration;
			buildSettings = {
				ALWAYS_EMBED_SWIFT_STANDARD_LIBRARIES = YES;
				BUNDLE_LOADER = "$(TEST_HOST)";
				CODE_SIGN_STYLE = Automatic;
				CURRENT_PROJECT_VERSION = 1;
				GENERATE_INFOPLIST_FILE = YES;
				IPHONEOS_DEPLOYMENT_TARGET = 16.4;
				MARKETING_VERSION = 1.0;
				PRODUCT_BUNDLE_IDENTIFIER = Harapriya.NetClanTests;
				PRODUCT_NAME = "$(TARGET_NAME)";
				SWIFT_EMIT_LOC_STRINGS = NO;
				SWIFT_VERSION = 5.0;
				TARGETED_DEVICE_FAMILY = "1,2";
				TEST_HOST = "$(BUILT_PRODUCTS_DIR)/NetClan.app/$(BUNDLE_EXECUTABLE_FOLDER_PATH)/NetClan";
			};
			name = Debug;
		};
		5899902F2AADFEB400565F29 /* Release */ = {
			isa = XCBuildConfiguration;
			buildSettings = {
				ALWAYS_EMBED_SWIFT_STANDARD_LIBRARIES = YES;
				BUNDLE_LOADER = "$(TEST_HOST)";
				CODE_SIGN_STYLE = Automatic;
				CURRENT_PROJECT_VERSION = 1;
				GENERATE_INFOPLIST_FILE = YES;
				IPHONEOS_DEPLOYMENT_TARGET = 16.4;
				MARKETING_VERSION = 1.0;
				PRODUCT_BUNDLE_IDENTIFIER = Harapriya.NetClanTests;
				PRODUCT_NAME = "$(TARGET_NAME)";
				SWIFT_EMIT_LOC_STRINGS = NO;
				SWIFT_VERSION = 5.0;
				TARGETED_DEVICE_FAMILY = "1,2";
				TEST_HOST = "$(BUILT_PRODUCTS_DIR)/NetClan.app/$(BUNDLE_EXECUTABLE_FOLDER_PATH)/NetClan";
			};
			name = Release;
		};
		589990312AADFEB400565F29 /* Debug */ = {
			isa = XCBuildConfiguration;
			buildSettings = {
				ALWAYS_EMBED_SWIFT_STANDARD_LIBRARIES = YES;
				CODE_SIGN_STYLE = Automatic;
				CURRENT_PROJECT_VERSION = 1;
				GENERATE_INFOPLIST_FILE = YES;
				MARKETING_VERSION = 1.0;
				PRODUCT_BUNDLE_IDENTIFIER = Harapriya.NetClanUITests;
				PRODUCT_NAME = "$(TARGET_NAME)";
				SWIFT_EMIT_LOC_STRINGS = NO;
				SWIFT_VERSION = 5.0;
				TARGETED_DEVICE_FAMILY = "1,2";
				TEST_TARGET_NAME = NetClan;
			};
			name = Debug;
		};
		589990322AADFEB400565F29 /* Release */ = {
			isa = XCBuildConfiguration;
			buildSettings = {
				ALWAYS_EMBED_SWIFT_STANDARD_LIBRARIES = YES;
				CODE_SIGN_STYLE = Automatic;
				CURRENT_PROJECT_VERSION = 1;
				GENERATE_INFOPLIST_FILE = YES;
				MARKETING_VERSION = 1.0;
				PRODUCT_BUNDLE_IDENTIFIER = Harapriya.NetClanUITests;
				PRODUCT_NAME = "$(TARGET_NAME)";
				SWIFT_EMIT_LOC_STRINGS = NO;
				SWIFT_VERSION = 5.0;
				TARGETED_DEVICE_FAMILY = "1,2";
				TEST_TARGET_NAME = NetClan;
			};
			name = Release;
		};
/* End XCBuildConfiguration section */

/* Begin XCConfigurationList section */
		58998FF82AADFEB300565F29 /* Build configuration list for PBXProject "NetClan" */ = {
			isa = XCConfigurationList;
			buildConfigurations = (
				589990282AADFEB400565F29 /* Debug */,
				589990292AADFEB400565F29 /* Release */,
			);
			defaultConfigurationIsVisible = 0;
			defaultConfigurationName = Release;
		};
		5899902A2AADFEB400565F29 /* Build configuration list for PBXNativeTarget "NetClan" */ = {
			isa = XCConfigurationList;
			buildConfigurations = (
				5899902B2AADFEB400565F29 /* Debug */,
				5899902C2AADFEB400565F29 /* Release */,
			);
			defaultConfigurationIsVisible = 0;
			defaultConfigurationName = Release;
		};
		5899902D2AADFEB400565F29 /* Build configuration list for PBXNativeTarget "NetClanTests" */ = {
			isa = XCConfigurationList;
			buildConfigurations = (
				5899902E2AADFEB400565F29 /* Debug */,
				5899902F2AADFEB400565F29 /* Release */,
			);
			defaultConfigurationIsVisible = 0;
			defaultConfigurationName = Release;
		};
		589990302AADFEB400565F29 /* Build configuration list for PBXNativeTarget "NetClanUITests" */ = {
			isa = XCConfigurationList;
			buildConfigurations = (
				589990312AADFEB400565F29 /* Debug */,
				589990322AADFEB400565F29 /* Release */,
			);
			defaultConfigurationIsVisible = 0;
			defaultConfigurationName = Release;
		};
/* End XCConfigurationList section */

/* Begin XCVersionGroup section */
		589990092AADFEB300565F29 /* NetClan.xcdatamodeld */ = {
			isa = XCVersionGroup;
			children = (
				5899900A2AADFEB300565F29 /* NetClan.xcdatamodel */,
			);
			currentVersion = 5899900A2AADFEB300565F29 /* NetClan.xcdatamodel */;
			path = NetClan.xcdatamodeld;
			sourceTree = "<group>";
			versionGroupType = wrapper.xcdatamodel;
		};
/* End XCVersionGroup section */
	};
	rootObject = 58998FF52AADFEB300565F29 /* Project object */;
}
